
Microsoft Visual Studio Solution File, Format Version 12.00
# Visual Studio Version 17
VisualStudioVersion = 17.11.35222.181
MinimumVisualStudioVersion = 10.0.40219.1
Project("{FAE04EC0-301F-11D3-BF4B-00C04F79EFBC}") = "Challenge", "Challenge\Challenge.csproj", "{6B73507F-A255-4EF5-940C-04C31F2947DA}"
EndProject
Global
	GlobalSection(SolutionConfigurationPlatforms) = preSolution
		Debug|Any CPU = Debug|Any CPU
		Release|Any CPU = Release|Any CPU
	EndGlobalSection
	GlobalSection(ProjectConfigurationPlatforms) = postSolution
		{6B73507F-A255-4EF5-940C-04C31F2947DA}.Debug|Any CPU.ActiveCfg = Debug|Any CPU
		{6B73507F-A255-4EF5-940C-04C31F2947DA}.Debug|Any CPU.Build.0 = Debug|Any CPU
		{6B73507F-A255-4EF5-940C-04C31F2947DA}.Release|Any CPU.ActiveCfg = Release|Any CPU
		{6B73507F-A255-4EF5-940C-04C31F2947DA}.Release|Any CPU.Build.0 = Release|Any CPU
	EndGlobalSection
	GlobalSection(SolutionProperties) = preSolution
		HideSolutionNode = FALSE
	EndGlobalSection
	GlobalSection(ExtensibilityGlobals) = postSolution
		SolutionGuid = {C3153A21-26EC-40B8-8D72-F7A873C0905C}
	EndGlobalSection
EndGlobal
